
Microsoft Visual Studio Solution File, Format Version 12.00
# Visual Studio Version 16
VisualStudioVersion = 16.0.29519.87
MinimumVisualStudioVersion = 10.0.40219.1
Project("{FAE04EC0-301F-11D3-BF4B-00C04F79EFBC}") = "ASPNET_Z5", "ASPNET_Z5.csproj", "{0D0EC09E-EAB0-44E5-BA59-F396C7BAF294}"
EndProject
Global
	GlobalSection(SolutionConfigurationPlatforms) = preSolution
		Debug|Any CPU = Debug|Any CPU
		Release|Any CPU = Release|Any CPU
	EndGlobalSection
	GlobalSection(ProjectConfigurationPlatforms) = postSolution
		{0D0EC09E-EAB0-44E5-BA59-F396C7BAF294}.Debug|Any CPU.ActiveCfg = Debug|Any CPU
		{0D0EC09E-EAB0-44E5-BA59-F396C7BAF294}.Debug|Any CPU.Build.0 = Debug|Any CPU
		{0D0EC09E-EAB0-44E5-BA59-F396C7BAF294}.Release|Any CPU.ActiveCfg = Release|Any CPU
		{0D0EC09E-EAB0-44E5-BA59-F396C7BAF294}.Release|Any CPU.Build.0 = Release|Any CPU
	EndGlobalSection
	GlobalSection(SolutionProperties) = preSolution
		HideSolutionNode = FALSE
	EndGlobalSection
	GlobalSection(ExtensibilityGlobals) = postSolution
		SolutionGuid = {5DD9B590-EA1B-442F-8324-0DE3C59C76FD}
	EndGlobalSection
EndGlobal
