
Microsoft Visual Studio Solution File, Format Version 12.00
# Visual Studio Version 16
VisualStudioVersion = 16.0.29411.108
MinimumVisualStudioVersion = 10.0.40219.1
Project("{FAE04EC0-301F-11D3-BF4B-00C04F79EFBC}") = "ASPNET19-Z1", "ASPNET19-Z1.csproj", "{97E784A7-CB3B-4264-B0E3-F075DD42666D}"
EndProject
Global
	GlobalSection(SolutionConfigurationPlatforms) = preSolution
		Debug|Any CPU = Debug|Any CPU
		Debug|x64 = Debug|x64
		Release|Any CPU = Release|Any CPU
		Release|x64 = Release|x64
	EndGlobalSection
	GlobalSection(ProjectConfigurationPlatforms) = postSolution
		{97E784A7-CB3B-4264-B0E3-F075DD42666D}.Debug|Any CPU.ActiveCfg = Debug|Any CPU
		{97E784A7-CB3B-4264-B0E3-F075DD42666D}.Debug|Any CPU.Build.0 = Debug|Any CPU
		{97E784A7-CB3B-4264-B0E3-F075DD42666D}.Debug|x64.ActiveCfg = Debug|x64
		{97E784A7-CB3B-4264-B0E3-F075DD42666D}.Debug|x64.Build.0 = Debug|x64
		{97E784A7-CB3B-4264-B0E3-F075DD42666D}.Release|Any CPU.ActiveCfg = Release|Any CPU
		{97E784A7-CB3B-4264-B0E3-F075DD42666D}.Release|Any CPU.Build.0 = Release|Any CPU
		{97E784A7-CB3B-4264-B0E3-F075DD42666D}.Release|x64.ActiveCfg = Release|x64
		{97E784A7-CB3B-4264-B0E3-F075DD42666D}.Release|x64.Build.0 = Release|x64
	EndGlobalSection
	GlobalSection(SolutionProperties) = preSolution
		HideSolutionNode = FALSE
	EndGlobalSection
	GlobalSection(ExtensibilityGlobals) = postSolution
		SolutionGuid = {FB0D2D09-97DC-43D7-8990-89AC60DB3341}
	EndGlobalSection
EndGlobal
