
Microsoft Visual Studio Solution File, Format Version 12.00
# Visual Studio Version 16
VisualStudioVersion = 16.0.29519.87
MinimumVisualStudioVersion = 10.0.40219.1
Project("{FAE04EC0-301F-11D3-BF4B-00C04F79EFBC}") = "ASPNET_Z6_6", "ASPNET_Z6_6.csproj", "{72283CE0-5E4D-481B-B60E-997C143DCD57}"
EndProject
Global
	GlobalSection(SolutionConfigurationPlatforms) = preSolution
		Debug|Any CPU = Debug|Any CPU
		Release|Any CPU = Release|Any CPU
	EndGlobalSection
	GlobalSection(ProjectConfigurationPlatforms) = postSolution
		{72283CE0-5E4D-481B-B60E-997C143DCD57}.Debug|Any CPU.ActiveCfg = Debug|Any CPU
		{72283CE0-5E4D-481B-B60E-997C143DCD57}.Debug|Any CPU.Build.0 = Debug|Any CPU
		{72283CE0-5E4D-481B-B60E-997C143DCD57}.Release|Any CPU.ActiveCfg = Release|Any CPU
		{72283CE0-5E4D-481B-B60E-997C143DCD57}.Release|Any CPU.Build.0 = Release|Any CPU
	EndGlobalSection
	GlobalSection(SolutionProperties) = preSolution
		HideSolutionNode = FALSE
	EndGlobalSection
	GlobalSection(ExtensibilityGlobals) = postSolution
		SolutionGuid = {CDA2E26A-FC21-4F15-9DEA-01038275DA5F}
	EndGlobalSection
EndGlobal
