
Microsoft Visual Studio Solution File, Format Version 12.00
# Visual Studio Version 16
VisualStudioVersion = 16.0.29411.108
MinimumVisualStudioVersion = 10.0.40219.1
Project("{FAE04EC0-301F-11D3-BF4B-00C04F79EFBC}") = "ASPNET19-Z2-5", "ASPNET19-Z2-5.csproj", "{BCEAA8D6-05DA-4986-BFBF-A76EACFC17F6}"
EndProject
Global
	GlobalSection(SolutionConfigurationPlatforms) = preSolution
		Debug|Any CPU = Debug|Any CPU
		Release|Any CPU = Release|Any CPU
	EndGlobalSection
	GlobalSection(ProjectConfigurationPlatforms) = postSolution
		{BCEAA8D6-05DA-4986-BFBF-A76EACFC17F6}.Debug|Any CPU.ActiveCfg = Debug|Any CPU
		{BCEAA8D6-05DA-4986-BFBF-A76EACFC17F6}.Debug|Any CPU.Build.0 = Debug|Any CPU
		{BCEAA8D6-05DA-4986-BFBF-A76EACFC17F6}.Release|Any CPU.ActiveCfg = Release|Any CPU
		{BCEAA8D6-05DA-4986-BFBF-A76EACFC17F6}.Release|Any CPU.Build.0 = Release|Any CPU
	EndGlobalSection
	GlobalSection(SolutionProperties) = preSolution
		HideSolutionNode = FALSE
	EndGlobalSection
	GlobalSection(ExtensibilityGlobals) = postSolution
		SolutionGuid = {DDD4561A-EE8B-4E4B-A85E-348A2C48D95D}
	EndGlobalSection
EndGlobal
